<?xml version="1.0" encoding="utf-8"?>
<Project ToolsVersion="4.0" xmlns="http://schemas.microsoft.com/developer/msbuild/2003">
  <ItemGroup>
    <Filter Include="Source Files">
      <UniqueIdentifier>{4FC737F1-C7A5-4376-A066-2A32D752A2FF}</UniqueIdentifier>
      <Extensions>cpp;c;cc;cxx;def;odl;idl;hpj;bat;asm;asmx</Extensions>
    </Filter>
    <Filter Include="Header Files">
      <UniqueIdentifier>{93995380-89BD-4b04-88EB-625FBE52EBFB}</UniqueIdentifier>
      <Extensions>h;hpp;hxx;hm;inl;inc;xsd</Extensions>
    </Filter>
    <Filter Include="Resource Files">
      <UniqueIdentifier>{67DA6AB6-F800-4c08-8B7A-83BB121AAD01}</UniqueIdentifier>
      <Extensions>rc;ico;cur;bmp;dlg;rc2;rct;bin;rgs;gif;jpg;jpeg;jpe;resx;tiff;tif;png;wav;mfcribbon-ms</Extensions>
    </Filter>
  </ItemGroup>
  <ItemGroup>
    <ClCompile Include="src\io\GameSaveReader.cpp">
      <Filter>Source Files</Filter>
    </ClCompile>
    <ClCompile Include="src\io\GameSaveWriter.cpp">
      <Filter>Source Files</Filter>
    </ClCompile>
    <ClCompile Include="src\GameSave.cpp">
      <Filter>Source Files</Filter>
    </ClCompile>
    <ClCompile Include="src\inventory.cpp">
      <Filter>Source Files</Filter>
    </ClCompile>
    <ClCompile Include="src\StorageGameSave.cpp">
      <Filter>Source Files</Filter>
    </ClCompile>
    <ClCompile Include="src\io\StorageGameSaveReader.cpp">
      <Filter>Source Files</Filter>
    </ClCompile>
    <ClCompile Include="src\io\StreamHelper.cpp">
      <Filter>Source Files</Filter>
    </ClCompile>
    <ClCompile Include="src\io\n2pk\N2pkFile.cpp">
      <Filter>Source Files</Filter>
    </ClCompile>
    <ClCompile Include="src\GameData.cpp">
      <Filter>Source Files</Filter>
    </ClCompile>
    <ClCompile Include="src\CfgParser.cpp">
      <Filter>Source Files</Filter>
    </ClCompile>
    <ClCompile Include="src\io\GameSaveContainerReader.cpp">
      <Filter>Source Files</Filter>
    </ClCompile>
    <ClCompile Include="src\GamePaths.cpp">
      <Filter>Source Files</Filter>
    </ClCompile>
    <ClCompile Include="src\io\GameSaveContainerWriter.cpp">
      <Filter>Source Files</Filter>
    </ClCompile>
    <ClCompile Include="src\io\StorageGameSaveWriter.cpp">
      <Filter>Source Files</Filter>
    </ClCompile>
    <ClCompile Include="src\io\StreamHelperReader.cpp">
      <Filter>Source Files</Filter>
    </ClCompile>
    <ClCompile Include="src\io\StreamHelperWriter.cpp">
      <Filter>Source Files</Filter>
    </ClCompile>
  </ItemGroup>
  <ItemGroup>
    <ClInclude Include="include\vanhelsing\engine\io\GameSaveReader.h">
      <Filter>Header Files</Filter>
    </ClInclude>
    <ClInclude Include="include\vanhelsing\engine\io\GameSaveWriter.h">
      <Filter>Header Files</Filter>
    </ClInclude>
    <ClInclude Include="include\vanhelsing\engine\GameSave.h">
      <Filter>Header Files</Filter>
    </ClInclude>
    <ClInclude Include="include\vanhelsing\engine\inventory.h">
      <Filter>Header Files</Filter>
    </ClInclude>
    <ClInclude Include="include\vanhelsing\engine\StorageGameSave.h">
      <Filter>Header Files</Filter>
    </ClInclude>
    <ClInclude Include="include\vanhelsing\engine\io\StorageGameSaveReader.h">
      <Filter>Header Files</Filter>
    </ClInclude>
    <ClInclude Include="include\vanhelsing\engine\io\StreamHelper.h">
      <Filter>Header Files</Filter>
    </ClInclude>
    <ClInclude Include="include\vanhelsing\engine\io\n2pk\N2pkFile.h">
      <Filter>Header Files</Filter>
    </ClInclude>
    <ClInclude Include="include\vanhelsing\engine\GameData.h">
      <Filter>Header Files</Filter>
    </ClInclude>
    <ClInclude Include="include\vanhelsing\engine\CfgParser.h">
      <Filter>Header Files</Filter>
    </ClInclude>
    <ClInclude Include="include\vanhelsing\engine\io\GameSaveContainerReader.h">
      <Filter>Header Files</Filter>
    </ClInclude>
    <ClInclude Include="include\vanhelsing\engine\GamePaths.h">
      <Filter>Header Files</Filter>
    </ClInclude>
    <ClInclude Include="include\vanhelsing\engine\io\GameSaveContainerWriter.h">
      <Filter>Header Files</Filter>
    </ClInclude>
    <ClInclude Include="include\vanhelsing\engine\io\StorageGameSaveWriter.h">
      <Filter>Header Files</Filter>
    </ClInclude>
    <ClInclude Include="include\vanhelsing\engine\io\StreamHelperReader.h">
      <Filter>Header Files</Filter>
    </ClInclude>
    <ClInclude Include="include\vanhelsing\engine\io\StreamHelperWriter.h">
      <Filter>Header Files</Filter>
    </ClInclude>
    <ClInclude Include="include\vanhelsing\engine\io\GameSaveContainerBase.h">
      <Filter>Header Files</Filter>
    </ClInclude>
    <ClInclude Include="include\vanhelsing\engine\exceptions\VanHelsingEngineError.h">
      <Filter>Header Files</Filter>
    </ClInclude>
  </ItemGroup>
</Project>